# THIS IS AN AUTOGENERATED FILE. DO NOT EDIT THIS FILE DIRECTLY.
# yarn lockfile v1


"@adobe/xd-plugin-toolkit@^0.0.1":
  version "0.0.1"
  resolved "https://registry.yarnpkg.com/@adobe/xd-plugin-toolkit/-/xd-plugin-toolkit-0.0.1.tgz#cb57941359dd0447813fcc663c84a824c221e04d"
  integrity sha512-jw1jKXzp0I4BvfPdJkOsXStpiz8hl/wYaMDC0zoS+EpPcejL2wq9cv+O2ubIBkqKo7sscj5r7kTJe1IsKhvbfw==
